
Microsoft Visual Studio Solution File, Format Version 12.00
# Visual Studio Version 17
VisualStudioVersion = 17.5.002.0
MinimumVisualStudioVersion = 10.0.40219.1
Project("{9A19103F-16F7-4668-BE54-9A1E7A4F7556}") = "dotnet-app", "dotnet-app.csproj", "{025FF5D2-DD06-424E-A301-009B9B0507CB}"
EndProject
Global
	GlobalSection(SolutionConfigurationPlatforms) = preSolution
		Debug|Any CPU = Debug|Any CPU
		Release|Any CPU = Release|Any CPU
	EndGlobalSection
	GlobalSection(ProjectConfigurationPlatforms) = postSolution
		{025FF5D2-DD06-424E-A301-009B9B0507CB}.Debug|Any CPU.ActiveCfg = Debug|Any CPU
		{025FF5D2-DD06-424E-A301-009B9B0507CB}.Debug|Any CPU.Build.0 = Debug|Any CPU
		{025FF5D2-DD06-424E-A301-009B9B0507CB}.Release|Any CPU.ActiveCfg = Release|Any CPU
		{025FF5D2-DD06-424E-A301-009B9B0507CB}.Release|Any CPU.Build.0 = Release|Any CPU
	EndGlobalSection
	GlobalSection(SolutionProperties) = preSolution
		HideSolutionNode = FALSE
	EndGlobalSection
	GlobalSection(ExtensibilityGlobals) = postSolution
		SolutionGuid = {752F2306-3BFA-4706-BFD1-F53B37729151}
	EndGlobalSection
EndGlobal
